
Microsoft Visual Studio Solution File, Format Version 12.00
# Visual Studio Version 17
VisualStudioVersion = 17.8.34316.72
MinimumVisualStudioVersion = 10.0.40219.1
Project("{FAE04EC0-301F-11D3-BF4B-00C04F79EFBC}") = "ArrayFuncties-3---Medewerkers", "ArrayFuncties-3---Medewerkers\ArrayFuncties-3---Medewerkers.csproj", "{D4861025-89E7-41A8-B822-2CEB29810D8B}"
EndProject
Global
	GlobalSection(SolutionConfigurationPlatforms) = preSolution
		Debug|Any CPU = Debug|Any CPU
		Release|Any CPU = Release|Any CPU
	EndGlobalSection
	GlobalSection(ProjectConfigurationPlatforms) = postSolution
		{D4861025-89E7-41A8-B822-2CEB29810D8B}.Debug|Any CPU.ActiveCfg = Debug|Any CPU
		{D4861025-89E7-41A8-B822-2CEB29810D8B}.Debug|Any CPU.Build.0 = Debug|Any CPU
		{D4861025-89E7-41A8-B822-2CEB29810D8B}.Release|Any CPU.ActiveCfg = Release|Any CPU
		{D4861025-89E7-41A8-B822-2CEB29810D8B}.Release|Any CPU.Build.0 = Release|Any CPU
	EndGlobalSection
	GlobalSection(SolutionProperties) = preSolution
		HideSolutionNode = FALSE
	EndGlobalSection
	GlobalSection(ExtensibilityGlobals) = postSolution
		SolutionGuid = {8B15BA4A-33E0-459E-B5D2-CCFD91C343E1}
	EndGlobalSection
EndGlobal
